
Microsoft Visual Studio Solution File, Format Version 12.00
# Visual Studio Version 16
VisualStudioVersion = 16.0.31624.102
MinimumVisualStudioVersion = 10.0.40219.1
Project("{FAE04EC0-301F-11D3-BF4B-00C04F79EFBC}") = "CarManagement", "CarManagement\CarManagement.csproj", "{EA3CC8EC-BA6A-4204-A8E8-96A461F0DBCB}"
EndProject
Global
	GlobalSection(SolutionConfigurationPlatforms) = preSolution
		Debug|Any CPU = Debug|Any CPU
		Release|Any CPU = Release|Any CPU
	EndGlobalSection
	GlobalSection(ProjectConfigurationPlatforms) = postSolution
		{EA3CC8EC-BA6A-4204-A8E8-96A461F0DBCB}.Debug|Any CPU.ActiveCfg = Debug|Any CPU
		{EA3CC8EC-BA6A-4204-A8E8-96A461F0DBCB}.Debug|Any CPU.Build.0 = Debug|Any CPU
		{EA3CC8EC-BA6A-4204-A8E8-96A461F0DBCB}.Release|Any CPU.ActiveCfg = Release|Any CPU
		{EA3CC8EC-BA6A-4204-A8E8-96A461F0DBCB}.Release|Any CPU.Build.0 = Release|Any CPU
	EndGlobalSection
	GlobalSection(SolutionProperties) = preSolution
		HideSolutionNode = FALSE
	EndGlobalSection
	GlobalSection(ExtensibilityGlobals) = postSolution
		SolutionGuid = {A20D6160-61C6-49CF-AF66-0529984C63C6}
	EndGlobalSection
EndGlobal
